
Microsoft Visual Studio Solution File, Format Version 12.00
# Visual Studio Version 16
VisualStudioVersion = 16.0.31112.23
MinimumVisualStudioVersion = 10.0.40219.1
Project("{2150E333-8FDC-42A3-9474-1A3956D46DE8}") = "MicroServices", "MicroServices", "{90327E37-BA8B-4366-BE38-E02B942B753C}"
EndProject
Project("{2150E333-8FDC-42A3-9474-1A3956D46DE8}") = "Domain", "Domain", "{50D407E7-407C-4FC5-8F93-D0C9949837D0}"
EndProject
Project("{2150E333-8FDC-42A3-9474-1A3956D46DE8}") = "Infra.Bus", "Infra.Bus", "{70A01D11-E6EF-438E-A7EE-EA32EC31FC9D}"
EndProject
Project("{2150E333-8FDC-42A3-9474-1A3956D46DE8}") = "Infra.Ioc", "Infra.Ioc", "{C1A38E35-3865-4995-BCD2-4CF749AA943A}"
EndProject
Project("{2150E333-8FDC-42A3-9474-1A3956D46DE8}") = "Presentation", "Presentation", "{4F1C37E7-FC03-4D0C-86AD-F24444550B9C}"
EndProject
Project("{FAE04EC0-301F-11D3-BF4B-00C04F79EFBC}") = "MicroRabbit.Domain.Core", "MicroRabbit.Domain.Core\MicroRabbit.Domain.Core.csproj", "{727A3BA5-239C-4980-B7F7-7CA1E9DF2D4A}"
EndProject
Project("{FAE04EC0-301F-11D3-BF4B-00C04F79EFBC}") = "MicroRabbit.Infra.Bus", "MicroRabbit.Infra.Bus\MicroRabbit.Infra.Bus.csproj", "{5C6A6744-3C84-439E-8787-820950DD4A66}"
EndProject
Global
	GlobalSection(SolutionConfigurationPlatforms) = preSolution
		Debug|Any CPU = Debug|Any CPU
		Release|Any CPU = Release|Any CPU
	EndGlobalSection
	GlobalSection(ProjectConfigurationPlatforms) = postSolution
		{727A3BA5-239C-4980-B7F7-7CA1E9DF2D4A}.Debug|Any CPU.ActiveCfg = Debug|Any CPU
		{727A3BA5-239C-4980-B7F7-7CA1E9DF2D4A}.Debug|Any CPU.Build.0 = Debug|Any CPU
		{727A3BA5-239C-4980-B7F7-7CA1E9DF2D4A}.Release|Any CPU.ActiveCfg = Release|Any CPU
		{727A3BA5-239C-4980-B7F7-7CA1E9DF2D4A}.Release|Any CPU.Build.0 = Release|Any CPU
		{5C6A6744-3C84-439E-8787-820950DD4A66}.Debug|Any CPU.ActiveCfg = Debug|Any CPU
		{5C6A6744-3C84-439E-8787-820950DD4A66}.Debug|Any CPU.Build.0 = Debug|Any CPU
		{5C6A6744-3C84-439E-8787-820950DD4A66}.Release|Any CPU.ActiveCfg = Release|Any CPU
		{5C6A6744-3C84-439E-8787-820950DD4A66}.Release|Any CPU.Build.0 = Release|Any CPU
	EndGlobalSection
	GlobalSection(SolutionProperties) = preSolution
		HideSolutionNode = FALSE
	EndGlobalSection
	GlobalSection(NestedProjects) = preSolution
		{727A3BA5-239C-4980-B7F7-7CA1E9DF2D4A} = {50D407E7-407C-4FC5-8F93-D0C9949837D0}
		{5C6A6744-3C84-439E-8787-820950DD4A66} = {70A01D11-E6EF-438E-A7EE-EA32EC31FC9D}
	EndGlobalSection
	GlobalSection(ExtensibilityGlobals) = postSolution
		SolutionGuid = {A391AC1A-D16F-42C3-B023-DC76EDBA1D95}
	EndGlobalSection
EndGlobal
