
Microsoft Visual Studio Solution File, Format Version 12.00
# Visual Studio Version 16
VisualStudioVersion = 16.0.31112.23
MinimumVisualStudioVersion = 10.0.40219.1
Project("{2150E333-8FDC-42A3-9474-1A3956D46DE8}") = "MicroServices", "MicroServices", "{90327E37-BA8B-4366-BE38-E02B942B753C}"
EndProject
Project("{2150E333-8FDC-42A3-9474-1A3956D46DE8}") = "Domain", "Domain", "{50D407E7-407C-4FC5-8F93-D0C9949837D0}"
EndProject
Project("{2150E333-8FDC-42A3-9474-1A3956D46DE8}") = "Infra.Bus", "Infra.Bus", "{70A01D11-E6EF-438E-A7EE-EA32EC31FC9D}"
EndProject
Project("{2150E333-8FDC-42A3-9474-1A3956D46DE8}") = "Infra.Ioc", "Infra.Ioc", "{C1A38E35-3865-4995-BCD2-4CF749AA943A}"
EndProject
Project("{2150E333-8FDC-42A3-9474-1A3956D46DE8}") = "Presentation", "Presentation", "{4F1C37E7-FC03-4D0C-86AD-F24444550B9C}"
EndProject
Project("{9A19103F-16F7-4668-BE54-9A1E7A4F7556}") = "MicroRabbit.Domain.Core", "MicroRabbit.Domain.Core\MicroRabbit.Domain.Core.csproj", "{727A3BA5-239C-4980-B7F7-7CA1E9DF2D4A}"
EndProject
Project("{9A19103F-16F7-4668-BE54-9A1E7A4F7556}") = "MicroRabbit.Infra.Bus", "MicroRabbit.Infra.Bus\MicroRabbit.Infra.Bus.csproj", "{5C6A6744-3C84-439E-8787-820950DD4A66}"
EndProject
Project("{9A19103F-16F7-4668-BE54-9A1E7A4F7556}") = "MicroRabbit.Infra.Ioc", "MicroRabbit.Infra.Ioc\MicroRabbit.Infra.Ioc.csproj", "{256237A5-571D-4EE6-8A55-84F556C156B5}"
EndProject
Project("{2150E333-8FDC-42A3-9474-1A3956D46DE8}") = "Banking", "Banking", "{15D5D4E1-0811-422E-BD79-3DF3C7AC2082}"
EndProject
Project("{2150E333-8FDC-42A3-9474-1A3956D46DE8}") = "Api", "Api", "{0C1D1CEE-E3FC-4285-BF46-3AC5F270AA3A}"
EndProject
Project("{2150E333-8FDC-42A3-9474-1A3956D46DE8}") = "Domain", "Domain", "{5AD16B84-B4E0-4973-9EAA-EFE5DB9F989F}"
EndProject
Project("{2150E333-8FDC-42A3-9474-1A3956D46DE8}") = "Application", "Application", "{EA1C346B-5FF9-4EE1-ADF1-94C782E43B3A}"
EndProject
Project("{2150E333-8FDC-42A3-9474-1A3956D46DE8}") = "Data", "Data", "{F9D123F6-E740-4F95-B448-FE58212C9156}"
EndProject
Project("{FAE04EC0-301F-11D3-BF4B-00C04F79EFBC}") = "MicroRabbit.Banking.Api", "MicroRabbit.Banking.Api\MicroRabbit.Banking.Api.csproj", "{090F146B-0FDB-4BD3-96D7-0420FA143EBC}"
EndProject
Project("{FAE04EC0-301F-11D3-BF4B-00C04F79EFBC}") = "MicroRabbit.Banking.Application", "MicroRabbit.Banking.Application\MicroRabbit.Banking.Application.csproj", "{EAD91213-043E-407C-9CED-5C9DDA22CB82}"
EndProject
Project("{FAE04EC0-301F-11D3-BF4B-00C04F79EFBC}") = "MicroRabbit.Banking.Data", "MicroRabbit.Banking.Data\MicroRabbit.Banking.Data.csproj", "{968A99B8-227E-4906-8148-2B176AC0C01E}"
EndProject
Project("{FAE04EC0-301F-11D3-BF4B-00C04F79EFBC}") = "MicroRabbit.Banking.Domain", "MicroRabbit.Banking.Domain\MicroRabbit.Banking.Domain.csproj", "{26524B35-2A43-4F61-80CD-FFE9D0444E45}"
EndProject
Global
	GlobalSection(SolutionConfigurationPlatforms) = preSolution
		Debug|Any CPU = Debug|Any CPU
		Release|Any CPU = Release|Any CPU
	EndGlobalSection
	GlobalSection(ProjectConfigurationPlatforms) = postSolution
		{727A3BA5-239C-4980-B7F7-7CA1E9DF2D4A}.Debug|Any CPU.ActiveCfg = Debug|Any CPU
		{727A3BA5-239C-4980-B7F7-7CA1E9DF2D4A}.Debug|Any CPU.Build.0 = Debug|Any CPU
		{727A3BA5-239C-4980-B7F7-7CA1E9DF2D4A}.Release|Any CPU.ActiveCfg = Release|Any CPU
		{727A3BA5-239C-4980-B7F7-7CA1E9DF2D4A}.Release|Any CPU.Build.0 = Release|Any CPU
		{5C6A6744-3C84-439E-8787-820950DD4A66}.Debug|Any CPU.ActiveCfg = Debug|Any CPU
		{5C6A6744-3C84-439E-8787-820950DD4A66}.Debug|Any CPU.Build.0 = Debug|Any CPU
		{5C6A6744-3C84-439E-8787-820950DD4A66}.Release|Any CPU.ActiveCfg = Release|Any CPU
		{5C6A6744-3C84-439E-8787-820950DD4A66}.Release|Any CPU.Build.0 = Release|Any CPU
		{256237A5-571D-4EE6-8A55-84F556C156B5}.Debug|Any CPU.ActiveCfg = Debug|Any CPU
		{256237A5-571D-4EE6-8A55-84F556C156B5}.Debug|Any CPU.Build.0 = Debug|Any CPU
		{256237A5-571D-4EE6-8A55-84F556C156B5}.Release|Any CPU.ActiveCfg = Release|Any CPU
		{256237A5-571D-4EE6-8A55-84F556C156B5}.Release|Any CPU.Build.0 = Release|Any CPU
		{090F146B-0FDB-4BD3-96D7-0420FA143EBC}.Debug|Any CPU.ActiveCfg = Debug|Any CPU
		{090F146B-0FDB-4BD3-96D7-0420FA143EBC}.Debug|Any CPU.Build.0 = Debug|Any CPU
		{090F146B-0FDB-4BD3-96D7-0420FA143EBC}.Release|Any CPU.ActiveCfg = Release|Any CPU
		{090F146B-0FDB-4BD3-96D7-0420FA143EBC}.Release|Any CPU.Build.0 = Release|Any CPU
		{EAD91213-043E-407C-9CED-5C9DDA22CB82}.Debug|Any CPU.ActiveCfg = Debug|Any CPU
		{EAD91213-043E-407C-9CED-5C9DDA22CB82}.Debug|Any CPU.Build.0 = Debug|Any CPU
		{EAD91213-043E-407C-9CED-5C9DDA22CB82}.Release|Any CPU.ActiveCfg = Release|Any CPU
		{EAD91213-043E-407C-9CED-5C9DDA22CB82}.Release|Any CPU.Build.0 = Release|Any CPU
		{968A99B8-227E-4906-8148-2B176AC0C01E}.Debug|Any CPU.ActiveCfg = Debug|Any CPU
		{968A99B8-227E-4906-8148-2B176AC0C01E}.Debug|Any CPU.Build.0 = Debug|Any CPU
		{968A99B8-227E-4906-8148-2B176AC0C01E}.Release|Any CPU.ActiveCfg = Release|Any CPU
		{968A99B8-227E-4906-8148-2B176AC0C01E}.Release|Any CPU.Build.0 = Release|Any CPU
		{26524B35-2A43-4F61-80CD-FFE9D0444E45}.Debug|Any CPU.ActiveCfg = Debug|Any CPU
		{26524B35-2A43-4F61-80CD-FFE9D0444E45}.Debug|Any CPU.Build.0 = Debug|Any CPU
		{26524B35-2A43-4F61-80CD-FFE9D0444E45}.Release|Any CPU.ActiveCfg = Release|Any CPU
		{26524B35-2A43-4F61-80CD-FFE9D0444E45}.Release|Any CPU.Build.0 = Release|Any CPU
	EndGlobalSection
	GlobalSection(SolutionProperties) = preSolution
		HideSolutionNode = FALSE
	EndGlobalSection
	GlobalSection(NestedProjects) = preSolution
		{727A3BA5-239C-4980-B7F7-7CA1E9DF2D4A} = {50D407E7-407C-4FC5-8F93-D0C9949837D0}
		{5C6A6744-3C84-439E-8787-820950DD4A66} = {70A01D11-E6EF-438E-A7EE-EA32EC31FC9D}
		{256237A5-571D-4EE6-8A55-84F556C156B5} = {C1A38E35-3865-4995-BCD2-4CF749AA943A}
		{15D5D4E1-0811-422E-BD79-3DF3C7AC2082} = {90327E37-BA8B-4366-BE38-E02B942B753C}
		{0C1D1CEE-E3FC-4285-BF46-3AC5F270AA3A} = {15D5D4E1-0811-422E-BD79-3DF3C7AC2082}
		{5AD16B84-B4E0-4973-9EAA-EFE5DB9F989F} = {15D5D4E1-0811-422E-BD79-3DF3C7AC2082}
		{EA1C346B-5FF9-4EE1-ADF1-94C782E43B3A} = {15D5D4E1-0811-422E-BD79-3DF3C7AC2082}
		{F9D123F6-E740-4F95-B448-FE58212C9156} = {15D5D4E1-0811-422E-BD79-3DF3C7AC2082}
		{090F146B-0FDB-4BD3-96D7-0420FA143EBC} = {0C1D1CEE-E3FC-4285-BF46-3AC5F270AA3A}
		{EAD91213-043E-407C-9CED-5C9DDA22CB82} = {EA1C346B-5FF9-4EE1-ADF1-94C782E43B3A}
		{968A99B8-227E-4906-8148-2B176AC0C01E} = {F9D123F6-E740-4F95-B448-FE58212C9156}
		{26524B35-2A43-4F61-80CD-FFE9D0444E45} = {5AD16B84-B4E0-4973-9EAA-EFE5DB9F989F}
	EndGlobalSection
	GlobalSection(ExtensibilityGlobals) = postSolution
		SolutionGuid = {A391AC1A-D16F-42C3-B023-DC76EDBA1D95}
	EndGlobalSection
EndGlobal
